
Microsoft Visual Studio Solution File, Format Version 12.00
# Visual Studio Version 17
VisualStudioVersion = 17.0.31919.166
MinimumVisualStudioVersion = 10.0.40219.1
Project("{FAE04EC0-301F-11D3-BF4B-00C04F79EFBC}") = "DemoBlazorAspHosted.Server", "DemoBlazorAspHosted\Server\DemoBlazorAspHosted.Server.csproj", "{5941D2FA-DD55-4008-AE00-36BF44AD5DC5}"
EndProject
Project("{FAE04EC0-301F-11D3-BF4B-00C04F79EFBC}") = "DemoBlazorAspHosted.Client", "DemoBlazorAspHosted\Client\DemoBlazorAspHosted.Client.csproj", "{0A651D26-9243-4ABA-96C2-B2097C37E278}"
EndProject
Project("{FAE04EC0-301F-11D3-BF4B-00C04F79EFBC}") = "DemoBlazorAspHosted.Shared", "DemoBlazorAspHosted\Shared\DemoBlazorAspHosted.Shared.csproj", "{ADFE3048-FD46-414F-91D1-56627D7D5D46}"
EndProject
Global
	GlobalSection(SolutionConfigurationPlatforms) = preSolution
		Debug|Any CPU = Debug|Any CPU
		Release|Any CPU = Release|Any CPU
	EndGlobalSection
	GlobalSection(ProjectConfigurationPlatforms) = postSolution
		{5941D2FA-DD55-4008-AE00-36BF44AD5DC5}.Debug|Any CPU.ActiveCfg = Debug|Any CPU
		{5941D2FA-DD55-4008-AE00-36BF44AD5DC5}.Debug|Any CPU.Build.0 = Debug|Any CPU
		{5941D2FA-DD55-4008-AE00-36BF44AD5DC5}.Release|Any CPU.ActiveCfg = Release|Any CPU
		{5941D2FA-DD55-4008-AE00-36BF44AD5DC5}.Release|Any CPU.Build.0 = Release|Any CPU
		{0A651D26-9243-4ABA-96C2-B2097C37E278}.Debug|Any CPU.ActiveCfg = Debug|Any CPU
		{0A651D26-9243-4ABA-96C2-B2097C37E278}.Debug|Any CPU.Build.0 = Debug|Any CPU
		{0A651D26-9243-4ABA-96C2-B2097C37E278}.Release|Any CPU.ActiveCfg = Release|Any CPU
		{0A651D26-9243-4ABA-96C2-B2097C37E278}.Release|Any CPU.Build.0 = Release|Any CPU
		{ADFE3048-FD46-414F-91D1-56627D7D5D46}.Debug|Any CPU.ActiveCfg = Debug|Any CPU
		{ADFE3048-FD46-414F-91D1-56627D7D5D46}.Debug|Any CPU.Build.0 = Debug|Any CPU
		{ADFE3048-FD46-414F-91D1-56627D7D5D46}.Release|Any CPU.ActiveCfg = Release|Any CPU
		{ADFE3048-FD46-414F-91D1-56627D7D5D46}.Release|Any CPU.Build.0 = Release|Any CPU
	EndGlobalSection
	GlobalSection(SolutionProperties) = preSolution
		HideSolutionNode = FALSE
	EndGlobalSection
	GlobalSection(ExtensibilityGlobals) = postSolution
		SolutionGuid = {2A6FAA58-F744-4159-8303-3489058E5B86}
	EndGlobalSection
EndGlobal
